
Microsoft Visual Studio Solution File, Format Version 12.00
# Visual Studio Version 17
VisualStudioVersion = 17.3.32825.248
MinimumVisualStudioVersion = 10.0.40219.1
Project("{FAE04EC0-301F-11D3-BF4B-00C04F79EFBC}") = "Week7Functions", "Week7Functions\Week7Functions.csproj", "{47A41133-122F-4C83-983B-C75219C421CF}"
EndProject
Project("{FAE04EC0-301F-11D3-BF4B-00C04F79EFBC}") = "ArgumentsAnd Parameters", "ArgumentsAnd Parameters\ArgumentsAnd Parameters.csproj", "{C2931F67-F277-4C80-AA86-49DF5FB36600}"
EndProject
Project("{FAE04EC0-301F-11D3-BF4B-00C04F79EFBC}") = "Calculator", "Calculator\Calculator.csproj", "{0B499C65-1BAD-4811-817B-2FD5C98F8F56}"
EndProject
Project("{FAE04EC0-301F-11D3-BF4B-00C04F79EFBC}") = "DiscountCalculator", "DiscountCalculator\DiscountCalculator.csproj", "{33974259-2D5F-4887-9FFC-59C13AA8EEF8}"
EndProject
Global
	GlobalSection(SolutionConfigurationPlatforms) = preSolution
		Debug|Any CPU = Debug|Any CPU
		Release|Any CPU = Release|Any CPU
	EndGlobalSection
	GlobalSection(ProjectConfigurationPlatforms) = postSolution
		{47A41133-122F-4C83-983B-C75219C421CF}.Debug|Any CPU.ActiveCfg = Debug|Any CPU
		{47A41133-122F-4C83-983B-C75219C421CF}.Debug|Any CPU.Build.0 = Debug|Any CPU
		{47A41133-122F-4C83-983B-C75219C421CF}.Release|Any CPU.ActiveCfg = Release|Any CPU
		{47A41133-122F-4C83-983B-C75219C421CF}.Release|Any CPU.Build.0 = Release|Any CPU
		{C2931F67-F277-4C80-AA86-49DF5FB36600}.Debug|Any CPU.ActiveCfg = Debug|Any CPU
		{C2931F67-F277-4C80-AA86-49DF5FB36600}.Debug|Any CPU.Build.0 = Debug|Any CPU
		{C2931F67-F277-4C80-AA86-49DF5FB36600}.Release|Any CPU.ActiveCfg = Release|Any CPU
		{C2931F67-F277-4C80-AA86-49DF5FB36600}.Release|Any CPU.Build.0 = Release|Any CPU
		{0B499C65-1BAD-4811-817B-2FD5C98F8F56}.Debug|Any CPU.ActiveCfg = Debug|Any CPU
		{0B499C65-1BAD-4811-817B-2FD5C98F8F56}.Debug|Any CPU.Build.0 = Debug|Any CPU
		{0B499C65-1BAD-4811-817B-2FD5C98F8F56}.Release|Any CPU.ActiveCfg = Release|Any CPU
		{0B499C65-1BAD-4811-817B-2FD5C98F8F56}.Release|Any CPU.Build.0 = Release|Any CPU
		{33974259-2D5F-4887-9FFC-59C13AA8EEF8}.Debug|Any CPU.ActiveCfg = Debug|Any CPU
		{33974259-2D5F-4887-9FFC-59C13AA8EEF8}.Debug|Any CPU.Build.0 = Debug|Any CPU
		{33974259-2D5F-4887-9FFC-59C13AA8EEF8}.Release|Any CPU.ActiveCfg = Release|Any CPU
		{33974259-2D5F-4887-9FFC-59C13AA8EEF8}.Release|Any CPU.Build.0 = Release|Any CPU
	EndGlobalSection
	GlobalSection(SolutionProperties) = preSolution
		HideSolutionNode = FALSE
	EndGlobalSection
	GlobalSection(ExtensibilityGlobals) = postSolution
		SolutionGuid = {AB7CCA91-A811-4521-83D2-B05155A78C06}
	EndGlobalSection
EndGlobal
